
Microsoft Visual Studio Solution File, Format Version 12.00
# Visual Studio 15
VisualStudioVersion = 15.0.27130.2010
MinimumVisualStudioVersion = 10.0.40219.1
Project("{FAE04EC0-301F-11D3-BF4B-00C04F79EFBC}") = "miniProjet1", "miniProjet1\miniProjet1.csproj", "{8E14B666-542A-48F1-92E2-D061488FBD79}"
EndProject
Global
	GlobalSection(SolutionConfigurationPlatforms) = preSolution
		Debug|Any CPU = Debug|Any CPU
		Release|Any CPU = Release|Any CPU
	EndGlobalSection
	GlobalSection(ProjectConfigurationPlatforms) = postSolution
		{8E14B666-542A-48F1-92E2-D061488FBD79}.Debug|Any CPU.ActiveCfg = Debug|Any CPU
		{8E14B666-542A-48F1-92E2-D061488FBD79}.Debug|Any CPU.Build.0 = Debug|Any CPU
		{8E14B666-542A-48F1-92E2-D061488FBD79}.Release|Any CPU.ActiveCfg = Release|Any CPU
		{8E14B666-542A-48F1-92E2-D061488FBD79}.Release|Any CPU.Build.0 = Release|Any CPU
	EndGlobalSection
	GlobalSection(SolutionProperties) = preSolution
		HideSolutionNode = FALSE
	EndGlobalSection
	GlobalSection(ExtensibilityGlobals) = postSolution
		SolutionGuid = {D6D2BE19-4D73-43FF-B0B0-00F0E4C924B1}
	EndGlobalSection
EndGlobal
